
Microsoft Visual Studio Solution File, Format Version 12.00
# Visual Studio 15
VisualStudioVersion = 15.0.28010.2048
MinimumVisualStudioVersion = 10.0.40219.1
Project("{FAE04EC0-301F-11D3-BF4B-00C04F79EFBC}") = "StreameReader_read_ini", "StreameReader_read_ini\StreameReader_read_ini.csproj", "{1C0A8019-5126-4DB9-8C09-41976C04AE45}"
EndProject
Global
	GlobalSection(SolutionConfigurationPlatforms) = preSolution
		Debug|Any CPU = Debug|Any CPU
		Release|Any CPU = Release|Any CPU
	EndGlobalSection
	GlobalSection(ProjectConfigurationPlatforms) = postSolution
		{1C0A8019-5126-4DB9-8C09-41976C04AE45}.Debug|Any CPU.ActiveCfg = Debug|Any CPU
		{1C0A8019-5126-4DB9-8C09-41976C04AE45}.Debug|Any CPU.Build.0 = Debug|Any CPU
		{1C0A8019-5126-4DB9-8C09-41976C04AE45}.Release|Any CPU.ActiveCfg = Release|Any CPU
		{1C0A8019-5126-4DB9-8C09-41976C04AE45}.Release|Any CPU.Build.0 = Release|Any CPU
	EndGlobalSection
	GlobalSection(SolutionProperties) = preSolution
		HideSolutionNode = FALSE
	EndGlobalSection
	GlobalSection(ExtensibilityGlobals) = postSolution
		SolutionGuid = {48F6111C-B48E-497F-9BB0-A2DDC2C9DDB5}
	EndGlobalSection
EndGlobal
